{
  "pins" : [
    {
      "identity" : "etherwallet",
      "kind" : "remoteSourceControl",
      "location" : "https://github.com/smithSophiav/EtherWallet",
      "state" : {
        "revision" : "2ec03c9a468b2385cdbdbf9469f52752b64770ee",
        "version" : "1.0.3"
      }
    }
  ],
  "version" : 2
}
