{
  "pins" : [
    {
      "identity" : "etherwallet",
      "kind" : "remoteSourceControl",
      "location" : "https://github.com/smithSophiav/EtherWallet",
      "state" : {
        "revision" : "97ae95c599253156aeb658caf95698ac6ea5febd",
        "version" : "1.1.1"
      }
    }
  ],
  "version" : 2
}
